
Microsoft Visual Studio Solution File, Format Version 12.00
# Visual Studio Version 16
VisualStudioVersion = 16.0.31729.503
MinimumVisualStudioVersion = 10.0.40219.1
Project("{FAE04EC0-301F-11D3-BF4B-00C04F79EFBC}") = "Dama", "Dama\Dama.csproj", "{E8767D74-8790-40ED-AC05-DA4781EDBC8F}"
EndProject
Global
	GlobalSection(SolutionConfigurationPlatforms) = preSolution
		Debug|Any CPU = Debug|Any CPU
		Release|Any CPU = Release|Any CPU
	EndGlobalSection
	GlobalSection(ProjectConfigurationPlatforms) = postSolution
		{E8767D74-8790-40ED-AC05-DA4781EDBC8F}.Debug|Any CPU.ActiveCfg = Debug|Any CPU
		{E8767D74-8790-40ED-AC05-DA4781EDBC8F}.Debug|Any CPU.Build.0 = Debug|Any CPU
		{E8767D74-8790-40ED-AC05-DA4781EDBC8F}.Release|Any CPU.ActiveCfg = Release|Any CPU
		{E8767D74-8790-40ED-AC05-DA4781EDBC8F}.Release|Any CPU.Build.0 = Release|Any CPU
	EndGlobalSection
	GlobalSection(SolutionProperties) = preSolution
		HideSolutionNode = FALSE
	EndGlobalSection
	GlobalSection(ExtensibilityGlobals) = postSolution
		SolutionGuid = {5CD03A66-EBD2-4160-B57B-A6415E0DEC7E}
	EndGlobalSection
EndGlobal
